{
  "name": "codex-openai-bridge-cline-contract",
  "version": "0.0.0",
  "lockfileVersion": 3,
  "requires": true,
  "packages": {
    "": {
      "name": "codex-openai-bridge-cline-contract",
      "version": "0.0.0",
      "license": "MIT",
      "dependencies": {
        "@cline/cli-linux-x64": "3.0.55"
      }
    },
    "node_modules/@cline/cli-linux-x64": {
      "version": "3.0.55",
      "resolved": "https://registry.npmjs.org/@cline/cli-linux-x64/-/cli-linux-x64-3.0.55.tgz",
      "integrity": "sha512-vVqqET60tC5KfIfdHwLTyYM4RummI4S4xZv+scaOwXf4aa7D9MTArI9/B0W8V+6lhhdgULRfNyDMpm/l/sEGug==",
      "cpu": [
        "x64"
      ],
      "os": [
        "linux"
      ],
      "bin": {
        "cline": "bin/cline"
      }
    }
  }
}
